
Microsoft Visual Studio Solution File, Format Version 12.00
# Visual Studio Version 17
VisualStudioVersion = 17.8.34227.203
MinimumVisualStudioVersion = 10.0.40219.1
Project("{FAE04EC0-301F-11D3-BF4B-00C04F79EFBC}") = "Papara.Api", "Papara_Final_Case\Papara.Api.csproj", "{4D1C518C-6777-4611-9D64-F73E1797BE71}"
EndProject
Project("{FAE04EC0-301F-11D3-BF4B-00C04F79EFBC}") = "Papara.Data", "Papara.Data\Papara.Data.csproj", "{798AA6AC-3602-42FB-932D-6664D368914F}"
EndProject
Project("{FAE04EC0-301F-11D3-BF4B-00C04F79EFBC}") = "Papara.Business", "Papara.Business\Papara.Business.csproj", "{045EA857-8167-471F-9FCE-36541EAEB0BB}"
EndProject
Project("{FAE04EC0-301F-11D3-BF4B-00C04F79EFBC}") = "Papara.Schema", "Papara.Schemas\Papara.Schema.csproj", "{F8E802C9-A396-489B-A8BE-5281BDEAA31F}"
EndProject
Project("{FAE04EC0-301F-11D3-BF4B-00C04F79EFBC}") = "Papara.Base", "Papara.Base\Papara.Base.csproj", "{07026EAA-3B18-43E1-941E-00EA240C7DD7}"
EndProject
Project("{2150E333-8FDC-42A3-9474-1A3956D46DE8}") = "Notes", "Notes", "{5F70AD26-5A2D-4968-9D89-9B8E718762BA}"
	ProjectSection(SolutionItems) = preProject
		EntityNote.txt = EntityNote.txt
	EndProjectSection
EndProject
Global
	GlobalSection(SolutionConfigurationPlatforms) = preSolution
		Debug|Any CPU = Debug|Any CPU
		Release|Any CPU = Release|Any CPU
	EndGlobalSection
	GlobalSection(ProjectConfigurationPlatforms) = postSolution
		{4D1C518C-6777-4611-9D64-F73E1797BE71}.Debug|Any CPU.ActiveCfg = Debug|Any CPU
		{4D1C518C-6777-4611-9D64-F73E1797BE71}.Debug|Any CPU.Build.0 = Debug|Any CPU
		{4D1C518C-6777-4611-9D64-F73E1797BE71}.Release|Any CPU.ActiveCfg = Release|Any CPU
		{4D1C518C-6777-4611-9D64-F73E1797BE71}.Release|Any CPU.Build.0 = Release|Any CPU
		{798AA6AC-3602-42FB-932D-6664D368914F}.Debug|Any CPU.ActiveCfg = Debug|Any CPU
		{798AA6AC-3602-42FB-932D-6664D368914F}.Debug|Any CPU.Build.0 = Debug|Any CPU
		{798AA6AC-3602-42FB-932D-6664D368914F}.Release|Any CPU.ActiveCfg = Release|Any CPU
		{798AA6AC-3602-42FB-932D-6664D368914F}.Release|Any CPU.Build.0 = Release|Any CPU
		{045EA857-8167-471F-9FCE-36541EAEB0BB}.Debug|Any CPU.ActiveCfg = Debug|Any CPU
		{045EA857-8167-471F-9FCE-36541EAEB0BB}.Debug|Any CPU.Build.0 = Debug|Any CPU
		{045EA857-8167-471F-9FCE-36541EAEB0BB}.Release|Any CPU.ActiveCfg = Release|Any CPU
		{045EA857-8167-471F-9FCE-36541EAEB0BB}.Release|Any CPU.Build.0 = Release|Any CPU
		{F8E802C9-A396-489B-A8BE-5281BDEAA31F}.Debug|Any CPU.ActiveCfg = Debug|Any CPU
		{F8E802C9-A396-489B-A8BE-5281BDEAA31F}.Debug|Any CPU.Build.0 = Debug|Any CPU
		{F8E802C9-A396-489B-A8BE-5281BDEAA31F}.Release|Any CPU.ActiveCfg = Release|Any CPU
		{F8E802C9-A396-489B-A8BE-5281BDEAA31F}.Release|Any CPU.Build.0 = Release|Any CPU
		{07026EAA-3B18-43E1-941E-00EA240C7DD7}.Debug|Any CPU.ActiveCfg = Debug|Any CPU
		{07026EAA-3B18-43E1-941E-00EA240C7DD7}.Debug|Any CPU.Build.0 = Debug|Any CPU
		{07026EAA-3B18-43E1-941E-00EA240C7DD7}.Release|Any CPU.ActiveCfg = Release|Any CPU
		{07026EAA-3B18-43E1-941E-00EA240C7DD7}.Release|Any CPU.Build.0 = Release|Any CPU
	EndGlobalSection
	GlobalSection(SolutionProperties) = preSolution
		HideSolutionNode = FALSE
	EndGlobalSection
	GlobalSection(ExtensibilityGlobals) = postSolution
		SolutionGuid = {50E2A3BE-9ACA-41A8-ACA4-4FE088CF7F5F}
	EndGlobalSection
EndGlobal
